// !$*UTF8*$!
{
	archiveVersion = 1;
	classes = {
	};
	objectVersion = 51;
	objects = {

/* Begin PBXBuildFile section */
		8F0F288B24AEEA090067A7CE /* UIImageView+loadIcon.swift in Sources */ = {isa = PBXBuildFile; fileRef = 8F0F288A24AEEA090067A7CE /* UIImageView+loadIcon.swift */; };
		8F69D05B24A9B4A500D2CCA5 /* EditTransformer.storyboard in Resources */ = {isa = PBXBuildFile; fileRef = 8F69D05A24A9B4A500D2CCA5 /* EditTransformer.storyboard */; };
		8F69D05D24A9D8BD00D2CCA5 /* EditTransformerViewController.swift in Sources */ = {isa = PBXBuildFile; fileRef = 8F69D05C24A9D8BD00D2CCA5 /* EditTransformerViewController.swift */; };
		8F69D05F24AAF40F00D2CCA5 /* TransformersListViewModel.swift in Sources */ = {isa = PBXBuildFile; fileRef = 8F69D05E24AAF40F00D2CCA5 /* TransformersListViewModel.swift */; };
		8F69D06024AAF40F00D2CCA5 /* TransformersListViewModel.swift in Sources */ = {isa = PBXBuildFile; fileRef = 8F69D05E24AAF40F00D2CCA5 /* TransformersListViewModel.swift */; };
		8F69D06224AAF42E00D2CCA5 /* TransformerEditorViewModel.swift in Sources */ = {isa = PBXBuildFile; fileRef = 8F69D06124AAF42E00D2CCA5 /* TransformerEditorViewModel.swift */; };
		8F69D06324AAF42E00D2CCA5 /* TransformerEditorViewModel.swift in Sources */ = {isa = PBXBuildFile; fileRef = 8F69D06124AAF42E00D2CCA5 /* TransformerEditorViewModel.swift */; };
		8F69D06524AB3B3100D2CCA5 /* TransformerFightViewController.swift in Sources */ = {isa = PBXBuildFile; fileRef = 8F69D06424AB3B3100D2CCA5 /* TransformerFightViewController.swift */; };
		8F69D06724AB4C3600D2CCA5 /* TransformerFight.storyboard in Resources */ = {isa = PBXBuildFile; fileRef = 8F69D06624AB4C3600D2CCA5 /* TransformerFight.storyboard */; };
		8FA9560A24A3D5D900990BD7 /* FlowController.swift in Sources */ = {isa = PBXBuildFile; fileRef = 8FA9560924A3D5D900990BD7 /* FlowController.swift */; };
		8FA9560F24A529A300990BD7 /* NetworkUtility.swift in Sources */ = {isa = PBXBuildFile; fileRef = 8FA9560E24A529A300990BD7 /* NetworkUtility.swift */; };
		8FA9561024A529A300990BD7 /* NetworkUtility.swift in Sources */ = {isa = PBXBuildFile; fileRef = 8FA9560E24A529A300990BD7 /* NetworkUtility.swift */; };
		8FA9561324A5B61400990BD7 /* NetworkTests.swift in Sources */ = {isa = PBXBuildFile; fileRef = 8FA9561224A5B61400990BD7 /* NetworkTests.swift */; };
		8FA9561524A69DE000990BD7 /* Transformer.swift in Sources */ = {isa = PBXBuildFile; fileRef = 8FA9561424A69DE000990BD7 /* Transformer.swift */; };
		8FA9561624A69DE000990BD7 /* Transformer.swift in Sources */ = {isa = PBXBuildFile; fileRef = 8FA9561424A69DE000990BD7 /* Transformer.swift */; };
		8FA9561824A6A52100990BD7 /* ModelTests.swift in Sources */ = {isa = PBXBuildFile; fileRef = 8FA9561724A6A52100990BD7 /* ModelTests.swift */; };
		8FA9561A24A6A57500990BD7 /* Fight.swift in Sources */ = {isa = PBXBuildFile; fileRef = 8FA9561924A6A57500990BD7 /* Fight.swift */; };
		8FA9561B24A6A57500990BD7 /* Fight.swift in Sources */ = {isa = PBXBuildFile; fileRef = 8FA9561924A6A57500990BD7 /* Fight.swift */; };
		8FA9561D24A7ABA300990BD7 /* DataController.swift in Sources */ = {isa = PBXBuildFile; fileRef = 8FA9561C24A7ABA300990BD7 /* DataController.swift */; };
		8FA9561E24A7ABA300990BD7 /* DataController.swift in Sources */ = {isa = PBXBuildFile; fileRef = 8FA9561C24A7ABA300990BD7 /* DataController.swift */; };
		8FA9562024A7DCAB00990BD7 /* FightTests.swift in Sources */ = {isa = PBXBuildFile; fileRef = 8FA9561F24A7DCAB00990BD7 /* FightTests.swift */; };
		8FA9562624A82CCF00990BD7 /* TransformersList.storyboard in Resources */ = {isa = PBXBuildFile; fileRef = 8FA9562524A82CCF00990BD7 /* TransformersList.storyboard */; };
		8FA9562824A82CF600990BD7 /* TransformersListViewController.swift in Sources */ = {isa = PBXBuildFile; fileRef = 8FA9562724A82CF600990BD7 /* TransformersListViewController.swift */; };
		8FA9562C24A834A500990BD7 /* UIView+DesignableBorders.swift in Sources */ = {isa = PBXBuildFile; fileRef = 8FA9562B24A834A500990BD7 /* UIView+DesignableBorders.swift */; };
		8FA9567024A93C9B00990BD7 /* UIViewController+locateByType.swift in Sources */ = {isa = PBXBuildFile; fileRef = 8FA9566F24A93C9B00990BD7 /* UIViewController+locateByType.swift */; };
		8FA9567224A9451200990BD7 /* TransformerListCell.swift in Sources */ = {isa = PBXBuildFile; fileRef = 8FA9567124A9451200990BD7 /* TransformerListCell.swift */; };
		8FA9567424A9715B00990BD7 /* TransformerListTableViewController.swift in Sources */ = {isa = PBXBuildFile; fileRef = 8FA9567324A9715B00990BD7 /* TransformerListTableViewController.swift */; };
		8FDBB6CA24A2FF720015E182 /* AppDelegate.swift in Sources */ = {isa = PBXBuildFile; fileRef = 8FDBB6C924A2FF720015E182 /* AppDelegate.swift */; };
		8FDBB6D024A2FF760015E182 /* Assets.xcassets in Resources */ = {isa = PBXBuildFile; fileRef = 8FDBB6CF24A2FF760015E182 /* Assets.xcassets */; };
		8FDBB6D624A2FF760015E182 /* LaunchScreen.storyboard in Resources */ = {isa = PBXBuildFile; fileRef = 8FDBB6D424A2FF760015E182 /* LaunchScreen.storyboard */; };
		CDF1ADC85EE66BE9B2B802BB /* Pods_Transformers.framework in Frameworks */ = {isa = PBXBuildFile; fileRef = 5EFA4C4C2D46F2F0533682FE /* Pods_Transformers.framework */; };
/* End PBXBuildFile section */

/* Begin PBXContainerItemProxy section */
		8FDBB6DD24A2FF760015E182 /* PBXContainerItemProxy */ = {
			isa = PBXContainerItemProxy;
			containerPortal = 8FDBB6BE24A2FF720015E182 /* Project object */;
			proxyType = 1;
			remoteGlobalIDString = 8FDBB6C524A2FF720015E182;
			remoteInfo = Transformers;
		};
/* End PBXContainerItemProxy section */

/* Begin PBXFileReference section */
		5EFA4C4C2D46F2F0533682FE /* Pods_Transformers.framework */ = {isa = PBXFileReference; explicitFileType = wrapper.framework; includeInIndex = 0; path = Pods_Transformers.framework; sourceTree = BUILT_PRODUCTS_DIR; };
		8F0F288A24AEEA090067A7CE /* UIImageView+loadIcon.swift */ = {isa = PBXFileReference; lastKnownFileType = sourcecode.swift; path = "UIImageView+loadIcon.swift"; sourceTree = "<group>"; };
		8F69D05A24A9B4A500D2CCA5 /* EditTransformer.storyboard */ = {isa = PBXFileReference; lastKnownFileType = file.storyboard; path = EditTransformer.storyboard; sourceTree = "<group>"; };
		8F69D05C24A9D8BD00D2CCA5 /* EditTransformerViewController.swift */ = {isa = PBXFileReference; lastKnownFileType = sourcecode.swift; path = EditTransformerViewController.swift; sourceTree = "<group>"; };
		8F69D05E24AAF40F00D2CCA5 /* TransformersListViewModel.swift */ = {isa = PBXFileReference; lastKnownFileType = sourcecode.swift; path = TransformersListViewModel.swift; sourceTree = "<group>"; };
		8F69D06124AAF42E00D2CCA5 /* TransformerEditorViewModel.swift */ = {isa = PBXFileReference; lastKnownFileType = sourcecode.swift; path = TransformerEditorViewModel.swift; sourceTree = "<group>"; };
		8F69D06424AB3B3100D2CCA5 /* TransformerFightViewController.swift */ = {isa = PBXFileReference; lastKnownFileType = sourcecode.swift; path = TransformerFightViewController.swift; sourceTree = "<group>"; };
		8F69D06624AB4C3600D2CCA5 /* TransformerFight.storyboard */ = {isa = PBXFileReference; lastKnownFileType = file.storyboard; path = TransformerFight.storyboard; sourceTree = "<group>"; };
		8FA9560924A3D5D900990BD7 /* FlowController.swift */ = {isa = PBXFileReference; lastKnownFileType = sourcecode.swift; path = FlowController.swift; sourceTree = "<group>"; };
		8FA9560E24A529A300990BD7 /* NetworkUtility.swift */ = {isa = PBXFileReference; lastKnownFileType = sourcecode.swift; path = NetworkUtility.swift; sourceTree = "<group>"; };
		8FA9561124A5573200990BD7 /* Aequilibrium_-_Mobile_Developer_Technical_Test.pdf */ = {isa = PBXFileReference; lastKnownFileType = image.pdf; name = "Aequilibrium_-_Mobile_Developer_Technical_Test.pdf"; path = "../Aequilibrium_-_Mobile_Developer_Technical_Test.pdf"; sourceTree = "<group>"; };
		8FA9561224A5B61400990BD7 /* NetworkTests.swift */ = {isa = PBXFileReference; lastKnownFileType = sourcecode.swift; path = NetworkTests.swift; sourceTree = "<group>"; };
		8FA9561424A69DE000990BD7 /* Transformer.swift */ = {isa = PBXFileReference; lastKnownFileType = sourcecode.swift; path = Transformer.swift; sourceTree = "<group>"; };
		8FA9561724A6A52100990BD7 /* ModelTests.swift */ = {isa = PBXFileReference; lastKnownFileType = sourcecode.swift; path = ModelTests.swift; sourceTree = "<group>"; };
		8FA9561924A6A57500990BD7 /* Fight.swift */ = {isa = PBXFileReference; lastKnownFileType = sourcecode.swift; path = Fight.swift; sourceTree = "<group>"; };
		8FA9561C24A7ABA300990BD7 /* DataController.swift */ = {isa = PBXFileReference; lastKnownFileType = sourcecode.swift; path = DataController.swift; sourceTree = "<group>"; };
		8FA9561F24A7DCAB00990BD7 /* FightTests.swift */ = {isa = PBXFileReference; lastKnownFileType = sourcecode.swift; path = FightTests.swift; sourceTree = "<group>"; };
		8FA9562524A82CCF00990BD7 /* TransformersList.storyboard */ = {isa = PBXFileReference; lastKnownFileType = file.storyboard; path = TransformersList.storyboard; sourceTree = "<group>"; };
		8FA9562724A82CF600990BD7 /* TransformersListViewController.swift */ = {isa = PBXFileReference; lastKnownFileType = sourcecode.swift; path = TransformersListViewController.swift; sourceTree = "<group>"; };
		8FA9562B24A834A500990BD7 /* UIView+DesignableBorders.swift */ = {isa = PBXFileReference; lastKnownFileType = sourcecode.swift; path = "UIView+DesignableBorders.swift"; sourceTree = "<group>"; };
		8FA9566F24A93C9B00990BD7 /* UIViewController+locateByType.swift */ = {isa = PBXFileReference; lastKnownFileType = sourcecode.swift; path = "UIViewController+locateByType.swift"; sourceTree = "<group>"; };
		8FA9567124A9451200990BD7 /* TransformerListCell.swift */ = {isa = PBXFileReference; lastKnownFileType = sourcecode.swift; path = TransformerListCell.swift; sourceTree = "<group>"; };
		8FA9567324A9715B00990BD7 /* TransformerListTableViewController.swift */ = {isa = PBXFileReference; lastKnownFileType = sourcecode.swift; path = TransformerListTableViewController.swift; sourceTree = "<group>"; };
		8FDBB6C624A2FF720015E182 /* Transformers.app */ = {isa = PBXFileReference; explicitFileType = wrapper.application; includeInIndex = 0; path = Transformers.app; sourceTree = BUILT_PRODUCTS_DIR; };
		8FDBB6C924A2FF720015E182 /* AppDelegate.swift */ = {isa = PBXFileReference; lastKnownFileType = sourcecode.swift; path = AppDelegate.swift; sourceTree = "<group>"; };
		8FDBB6CF24A2FF760015E182 /* Assets.xcassets */ = {isa = PBXFileReference; lastKnownFileType = folder.assetcatalog; path = Assets.xcassets; sourceTree = "<group>"; };
		8FDBB6D524A2FF760015E182 /* Base */ = {isa = PBXFileReference; lastKnownFileType = file.storyboard; name = Base; path = Base.lproj/LaunchScreen.storyboard; sourceTree = "<group>"; };
		8FDBB6D724A2FF760015E182 /* Info.plist */ = {isa = PBXFileReference; lastKnownFileType = text.plist.xml; path = Info.plist; sourceTree = "<group>"; };
		8FDBB6DC24A2FF760015E182 /* TransformersTests.xctest */ = {isa = PBXFileReference; explicitFileType = wrapper.cfbundle; includeInIndex = 0; path = TransformersTests.xctest; sourceTree = BUILT_PRODUCTS_DIR; };
		8FDBB6E224A2FF760015E182 /* Info.plist */ = {isa = PBXFileReference; lastKnownFileType = text.plist.xml; path = Info.plist; sourceTree = "<group>"; };
		B24386CD7A9999F686120A4A /* Pods-Transformers.debug.xcconfig */ = {isa = PBXFileReference; includeInIndex = 1; lastKnownFileType = text.xcconfig; name = "Pods-Transformers.debug.xcconfig"; path = "Target Support Files/Pods-Transformers/Pods-Transformers.debug.xcconfig"; sourceTree = "<group>"; };
		DD24289804E4AB18E81DA796 /* Pods-Transformers.release.xcconfig */ = {isa = PBXFileReference; includeInIndex = 1; lastKnownFileType = text.xcconfig; name = "Pods-Transformers.release.xcconfig"; path = "Target Support Files/Pods-Transformers/Pods-Transformers.release.xcconfig"; sourceTree = "<group>"; };
/* End PBXFileReference section */

/* Begin PBXFrameworksBuildPhase section */
		8FDBB6C324A2FF720015E182 /* Frameworks */ = {
			isa = PBXFrameworksBuildPhase;
			buildActionMask = 2147483647;
			files = (
				CDF1ADC85EE66BE9B2B802BB /* Pods_Transformers.framework in Frameworks */,
			);
			runOnlyForDeploymentPostprocessing = 0;
		};
		8FDBB6D924A2FF760015E182 /* Frameworks */ = {
			isa = PBXFrameworksBuildPhase;
			buildActionMask = 2147483647;
			files = (
			);
			runOnlyForDeploymentPostprocessing = 0;
		};
/* End PBXFrameworksBuildPhase section */

/* Begin PBXGroup section */
		735E1347DDFBF1B6A10E8DC2 /* Frameworks */ = {
			isa = PBXGroup;
			children = (
				5EFA4C4C2D46F2F0533682FE /* Pods_Transformers.framework */,
			);
			name = Frameworks;
			sourceTree = "<group>";
		};
		8FA9560724A3D58300990BD7 /* Model */ = {
			isa = PBXGroup;
			children = (
				8FA9561424A69DE000990BD7 /* Transformer.swift */,
				8FA9561924A6A57500990BD7 /* Fight.swift */,
			);
			path = Model;
			sourceTree = "<group>";
		};
		8FA9560824A3D58E00990BD7 /* Views */ = {
			isa = PBXGroup;
			children = (
				8FA9562524A82CCF00990BD7 /* TransformersList.storyboard */,
				8FA9562724A82CF600990BD7 /* TransformersListViewController.swift */,
				8FA9567324A9715B00990BD7 /* TransformerListTableViewController.swift */,
				8FA9567124A9451200990BD7 /* TransformerListCell.swift */,
				8F69D05A24A9B4A500D2CCA5 /* EditTransformer.storyboard */,
				8F69D05C24A9D8BD00D2CCA5 /* EditTransformerViewController.swift */,
				8F69D06624AB4C3600D2CCA5 /* TransformerFight.storyboard */,
				8F69D06424AB3B3100D2CCA5 /* TransformerFightViewController.swift */,
				8FA9562B24A834A500990BD7 /* UIView+DesignableBorders.swift */,
				8FA9566F24A93C9B00990BD7 /* UIViewController+locateByType.swift */,
				8F0F288A24AEEA090067A7CE /* UIImageView+loadIcon.swift */,
			);
			path = Views;
			sourceTree = "<group>";
		};
		8FDBB6BD24A2FF720015E182 = {
			isa = PBXGroup;
			children = (
				8FA9561124A5573200990BD7 /* Aequilibrium_-_Mobile_Developer_Technical_Test.pdf */,
				8FDBB6C824A2FF720015E182 /* Transformers */,
				8FA9560724A3D58300990BD7 /* Model */,
				8FA9560824A3D58E00990BD7 /* Views */,
				8FDBB6DF24A2FF760015E182 /* TransformersTests */,
				8FDBB6C724A2FF720015E182 /* Products */,
				D7434FB60F3707FBC44AF33D /* Pods */,
				735E1347DDFBF1B6A10E8DC2 /* Frameworks */,
			);
			sourceTree = "<group>";
		};
		8FDBB6C724A2FF720015E182 /* Products */ = {
			isa = PBXGroup;
			children = (
				8FDBB6C624A2FF720015E182 /* Transformers.app */,
				8FDBB6DC24A2FF760015E182 /* TransformersTests.xctest */,
			);
			name = Products;
			sourceTree = "<group>";
		};
		8FDBB6C824A2FF720015E182 /* Transformers */ = {
			isa = PBXGroup;
			children = (
				8FDBB6C924A2FF720015E182 /* AppDelegate.swift */,
				8FA9560924A3D5D900990BD7 /* FlowController.swift */,
				8FA9561C24A7ABA300990BD7 /* DataController.swift */,
				8FA9560E24A529A300990BD7 /* NetworkUtility.swift */,
				8F69D05E24AAF40F00D2CCA5 /* TransformersListViewModel.swift */,
				8F69D06124AAF42E00D2CCA5 /* TransformerEditorViewModel.swift */,
				8FDBB6CF24A2FF760015E182 /* Assets.xcassets */,
				8FDBB6D424A2FF760015E182 /* LaunchScreen.storyboard */,
				8FDBB6D724A2FF760015E182 /* Info.plist */,
			);
			path = Transformers;
			sourceTree = "<group>";
		};
		8FDBB6DF24A2FF760015E182 /* TransformersTests */ = {
			isa = PBXGroup;
			children = (
				8FA9561224A5B61400990BD7 /* NetworkTests.swift */,
				8FA9561724A6A52100990BD7 /* ModelTests.swift */,
				8FA9561F24A7DCAB00990BD7 /* FightTests.swift */,
				8FDBB6E224A2FF760015E182 /* Info.plist */,
			);
			path = TransformersTests;
			sourceTree = "<group>";
		};
		D7434FB60F3707FBC44AF33D /* Pods */ = {
			isa = PBXGroup;
			children = (
				B24386CD7A9999F686120A4A /* Pods-Transformers.debug.xcconfig */,
				DD24289804E4AB18E81DA796 /* Pods-Transformers.release.xcconfig */,
			);
			path = Pods;
			sourceTree = "<group>";
		};
/* End PBXGroup section */

/* Begin PBXNativeTarget section */
		8FDBB6C524A2FF720015E182 /* Transformers */ = {
			isa = PBXNativeTarget;
			buildConfigurationList = 8FDBB6E524A2FF760015E182 /* Build configuration list for PBXNativeTarget "Transformers" */;
			buildPhases = (
				0E7B2305BAE317067A4E5C96 /* [CP] Check Pods Manifest.lock */,
				8FDBB6C224A2FF720015E182 /* Sources */,
				8FDBB6C324A2FF720015E182 /* Frameworks */,
				8FDBB6C424A2FF720015E182 /* Resources */,
				AFDBA4B360BB4659E3365CB6 /* [CP] Embed Pods Frameworks */,
			);
			buildRules = (
			);
			dependencies = (
			);
			name = Transformers;
			productName = Transformers;
			productReference = 8FDBB6C624A2FF720015E182 /* Transformers.app */;
			productType = "com.apple.product-type.application";
		};
		8FDBB6DB24A2FF760015E182 /* TransformersTests */ = {
			isa = PBXNativeTarget;
			buildConfigurationList = 8FDBB6E824A2FF760015E182 /* Build configuration list for PBXNativeTarget "TransformersTests" */;
			buildPhases = (
				8FDBB6D824A2FF760015E182 /* Sources */,
				8FDBB6D924A2FF760015E182 /* Frameworks */,
				8FDBB6DA24A2FF760015E182 /* Resources */,
			);
			buildRules = (
			);
			dependencies = (
				8FDBB6DE24A2FF760015E182 /* PBXTargetDependency */,
			);
			name = TransformersTests;
			productName = TransformersTests;
			productReference = 8FDBB6DC24A2FF760015E182 /* TransformersTests.xctest */;
			productType = "com.apple.product-type.bundle.unit-test";
		};
/* End PBXNativeTarget section */

/* Begin PBXProject section */
		8FDBB6BE24A2FF720015E182 /* Project object */ = {
			isa = PBXProject;
			attributes = {
				LastSwiftUpdateCheck = 1150;
				LastUpgradeCheck = 1150;
				ORGANIZATIONNAME = "Pierre Houston";
				TargetAttributes = {
					8FDBB6C524A2FF720015E182 = {
						CreatedOnToolsVersion = 11.5;
					};
					8FDBB6DB24A2FF760015E182 = {
						CreatedOnToolsVersion = 11.5;
						TestTargetID = 8FDBB6C524A2FF720015E182;
					};
				};
			};
			buildConfigurationList = 8FDBB6C124A2FF720015E182 /* Build configuration list for PBXProject "Transformers" */;
			compatibilityVersion = "Xcode 9.3";
			developmentRegion = en;
			hasScannedForEncodings = 0;
			knownRegions = (
				en,
				Base,
			);
			mainGroup = 8FDBB6BD24A2FF720015E182;
			productRefGroup = 8FDBB6C724A2FF720015E182 /* Products */;
			projectDirPath = "";
			projectRoot = "";
			targets = (
				8FDBB6C524A2FF720015E182 /* Transformers */,
				8FDBB6DB24A2FF760015E182 /* TransformersTests */,
			);
		};
/* End PBXProject section */

/* Begin PBXResourcesBuildPhase section */
		8FDBB6C424A2FF720015E182 /* Resources */ = {
			isa = PBXResourcesBuildPhase;
			buildActionMask = 2147483647;
			files = (
				8F69D06724AB4C3600D2CCA5 /* TransformerFight.storyboard in Resources */,
				8FDBB6D624A2FF760015E182 /* LaunchScreen.storyboard in Resources */,
				8FA9562624A82CCF00990BD7 /* TransformersList.storyboard in Resources */,
				8F69D05B24A9B4A500D2CCA5 /* EditTransformer.storyboard in Resources */,
				8FDBB6D024A2FF760015E182 /* Assets.xcassets in Resources */,
			);
			runOnlyForDeploymentPostprocessing = 0;
		};
		8FDBB6DA24A2FF760015E182 /* Resources */ = {
			isa = PBXResourcesBuildPhase;
			buildActionMask = 2147483647;
			files = (
			);
			runOnlyForDeploymentPostprocessing = 0;
		};
/* End PBXResourcesBuildPhase section */

/* Begin PBXShellScriptBuildPhase section */
		0E7B2305BAE317067A4E5C96 /* [CP] Check Pods Manifest.lock */ = {
			isa = PBXShellScriptBuildPhase;
			buildActionMask = 2147483647;
			files = (
			);
			inputFileListPaths = (
			);
			inputPaths = (
				"${PODS_PODFILE_DIR_PATH}/Podfile.lock",
				"${PODS_ROOT}/Manifest.lock",
			);
			name = "[CP] Check Pods Manifest.lock";
			outputFileListPaths = (
			);
			outputPaths = (
				"$(DERIVED_FILE_DIR)/Pods-Transformers-checkManifestLockResult.txt",
			);
			runOnlyForDeploymentPostprocessing = 0;
			shellPath = /bin/sh;
			shellScript = "diff \"${PODS_PODFILE_DIR_PATH}/Podfile.lock\" \"${PODS_ROOT}/Manifest.lock\" > /dev/null\nif [ $? != 0 ] ; then\n    # print error to STDERR\n    echo \"error: The sandbox is not in sync with the Podfile.lock. Run 'pod install' or update your CocoaPods installation.\" >&2\n    exit 1\nfi\n# This output is used by Xcode 'outputs' to avoid re-running this script phase.\necho \"SUCCESS\" > \"${SCRIPT_OUTPUT_FILE_0}\"\n";
			showEnvVarsInLog = 0;
		};
		AFDBA4B360BB4659E3365CB6 /* [CP] Embed Pods Frameworks */ = {
			isa = PBXShellScriptBuildPhase;
			buildActionMask = 2147483647;
			files = (
			);
			inputFileListPaths = (
				"${PODS_ROOT}/Target Support Files/Pods-Transformers/Pods-Transformers-frameworks-${CONFIGURATION}-input-files.xcfilelist",
			);
			name = "[CP] Embed Pods Frameworks";
			outputFileListPaths = (
				"${PODS_ROOT}/Target Support Files/Pods-Transformers/Pods-Transformers-frameworks-${CONFIGURATION}-output-files.xcfilelist",
			);
			runOnlyForDeploymentPostprocessing = 0;
			shellPath = /bin/sh;
			shellScript = "\"${PODS_ROOT}/Target Support Files/Pods-Transformers/Pods-Transformers-frameworks.sh\"\n";
			showEnvVarsInLog = 0;
		};
/* End PBXShellScriptBuildPhase section */

/* Begin PBXSourcesBuildPhase section */
		8FDBB6C224A2FF720015E182 /* Sources */ = {
			isa = PBXSourcesBuildPhase;
			buildActionMask = 2147483647;
			files = (
				8FDBB6CA24A2FF720015E182 /* AppDelegate.swift in Sources */,
				8F69D05D24A9D8BD00D2CCA5 /* EditTransformerViewController.swift in Sources */,
				8FA9561D24A7ABA300990BD7 /* DataController.swift in Sources */,
				8FA9561A24A6A57500990BD7 /* Fight.swift in Sources */,
				8FA9567424A9715B00990BD7 /* TransformerListTableViewController.swift in Sources */,
				8F0F288B24AEEA090067A7CE /* UIImageView+loadIcon.swift in Sources */,
				8FA9567024A93C9B00990BD7 /* UIViewController+locateByType.swift in Sources */,
				8F69D06524AB3B3100D2CCA5 /* TransformerFightViewController.swift in Sources */,
				8F69D06224AAF42E00D2CCA5 /* TransformerEditorViewModel.swift in Sources */,
				8FA9562824A82CF600990BD7 /* TransformersListViewController.swift in Sources */,
				8FA9567224A9451200990BD7 /* TransformerListCell.swift in Sources */,
				8FA9562C24A834A500990BD7 /* UIView+DesignableBorders.swift in Sources */,
				8FA9560F24A529A300990BD7 /* NetworkUtility.swift in Sources */,
				8FA9560A24A3D5D900990BD7 /* FlowController.swift in Sources */,
				8FA9561524A69DE000990BD7 /* Transformer.swift in Sources */,
				8F69D05F24AAF40F00D2CCA5 /* TransformersListViewModel.swift in Sources */,
			);
			runOnlyForDeploymentPostprocessing = 0;
		};
		8FDBB6D824A2FF760015E182 /* Sources */ = {
			isa = PBXSourcesBuildPhase;
			buildActionMask = 2147483647;
			files = (
				8F69D06024AAF40F00D2CCA5 /* TransformersListViewModel.swift in Sources */,
				8FA9562024A7DCAB00990BD7 /* FightTests.swift in Sources */,
				8FA9561E24A7ABA300990BD7 /* DataController.swift in Sources */,
				8FA9561B24A6A57500990BD7 /* Fight.swift in Sources */,
				8F69D06324AAF42E00D2CCA5 /* TransformerEditorViewModel.swift in Sources */,
				8FA9561324A5B61400990BD7 /* NetworkTests.swift in Sources */,
				8FA9561024A529A300990BD7 /* NetworkUtility.swift in Sources */,
				8FA9561824A6A52100990BD7 /* ModelTests.swift in Sources */,
				8FA9561624A69DE000990BD7 /* Transformer.swift in Sources */,
			);
			runOnlyForDeploymentPostprocessing = 0;
		};
/* End PBXSourcesBuildPhase section */

/* Begin PBXTargetDependency section */
		8FDBB6DE24A2FF760015E182 /* PBXTargetDependency */ = {
			isa = PBXTargetDependency;
			target = 8FDBB6C524A2FF720015E182 /* Transformers */;
			targetProxy = 8FDBB6DD24A2FF760015E182 /* PBXContainerItemProxy */;
		};
/* End PBXTargetDependency section */

/* Begin PBXVariantGroup section */
		8FDBB6D424A2FF760015E182 /* LaunchScreen.storyboard */ = {
			isa = PBXVariantGroup;
			children = (
				8FDBB6D524A2FF760015E182 /* Base */,
			);
			name = LaunchScreen.storyboard;
			sourceTree = "<group>";
		};
/* End PBXVariantGroup section */

/* Begin XCBuildConfiguration section */
		8FDBB6E324A2FF760015E182 /* Debug */ = {
			isa = XCBuildConfiguration;
			buildSettings = {
				ALWAYS_SEARCH_USER_PATHS = NO;
				CLANG_ANALYZER_NONNULL = YES;
				CLANG_ANALYZER_NUMBER_OBJECT_CONVERSION = YES_AGGRESSIVE;
				CLANG_CXX_LANGUAGE_STANDARD = "gnu++14";
				CLANG_CXX_LIBRARY = "libc++";
				CLANG_ENABLE_MODULES = YES;
				CLANG_ENABLE_OBJC_ARC = YES;
				CLANG_ENABLE_OBJC_WEAK = YES;
				CLANG_WARN_BLOCK_CAPTURE_AUTORELEASING = YES;
				CLANG_WARN_BOOL_CONVERSION = YES;
				CLANG_WARN_COMMA = YES;
				CLANG_WARN_CONSTANT_CONVERSION = YES;
				CLANG_WARN_DEPRECATED_OBJC_IMPLEMENTATIONS = YES;
				CLANG_WARN_DIRECT_OBJC_ISA_USAGE = YES_ERROR;
				CLANG_WARN_DOCUMENTATION_COMMENTS = YES;
				CLANG_WARN_EMPTY_BODY = YES;
				CLANG_WARN_ENUM_CONVERSION = YES;
				CLANG_WARN_INFINITE_RECURSION = YES;
				CLANG_WARN_INT_CONVERSION = YES;
				CLANG_WARN_NON_LITERAL_NULL_CONVERSION = YES;
				CLANG_WARN_OBJC_IMPLICIT_RETAIN_SELF = YES;
				CLANG_WARN_OBJC_LITERAL_CONVERSION = YES;
				CLANG_WARN_OBJC_ROOT_CLASS = YES_ERROR;
				CLANG_WARN_RANGE_LOOP_ANALYSIS = YES;
				CLANG_WARN_STRICT_PROTOTYPES = YES;
				CLANG_WARN_SUSPICIOUS_MOVE = YES;
				CLANG_WARN_UNGUARDED_AVAILABILITY = YES_AGGRESSIVE;
				CLANG_WARN_UNREACHABLE_CODE = YES;
				CLANG_WARN__DUPLICATE_METHOD_MATCH = YES;
				COPY_PHASE_STRIP = NO;
				DEBUG_INFORMATION_FORMAT = dwarf;
				ENABLE_STRICT_OBJC_MSGSEND = YES;
				ENABLE_TESTABILITY = YES;
				GCC_C_LANGUAGE_STANDARD = gnu11;
				GCC_DYNAMIC_NO_PIC = NO;
				GCC_NO_COMMON_BLOCKS = YES;
				GCC_OPTIMIZATION_LEVEL = 0;
				GCC_PREPROCESSOR_DEFINITIONS = (
					"DEBUG=1",
					"$(inherited)",
				);
				GCC_WARN_64_TO_32_BIT_CONVERSION = YES;
				GCC_WARN_ABOUT_RETURN_TYPE = YES_ERROR;
				GCC_WARN_UNDECLARED_SELECTOR = YES;
				GCC_WARN_UNINITIALIZED_AUTOS = YES_AGGRESSIVE;
				GCC_WARN_UNUSED_FUNCTION = YES;
				GCC_WARN_UNUSED_VARIABLE = YES;
				IPHONEOS_DEPLOYMENT_TARGET = 10.3;
				MTL_ENABLE_DEBUG_INFO = INCLUDE_SOURCE;
				MTL_FAST_MATH = YES;
				ONLY_ACTIVE_ARCH = YES;
				SDKROOT = iphoneos;
				SWIFT_ACTIVE_COMPILATION_CONDITIONS = DEBUG;
				SWIFT_OPTIMIZATION_LEVEL = "-Onone";
			};
			name = Debug;
		};
		8FDBB6E424A2FF760015E182 /* Release */ = {
			isa = XCBuildConfiguration;
			buildSettings = {
				ALWAYS_SEARCH_USER_PATHS = NO;
				CLANG_ANALYZER_NONNULL = YES;
				CLANG_ANALYZER_NUMBER_OBJECT_CONVERSION = YES_AGGRESSIVE;
				CLANG_CXX_LANGUAGE_STANDARD = "gnu++14";
				CLANG_CXX_LIBRARY = "libc++";
				CLANG_ENABLE_MODULES = YES;
				CLANG_ENABLE_OBJC_ARC = YES;
				CLANG_ENABLE_OBJC_WEAK = YES;
				CLANG_WARN_BLOCK_CAPTURE_AUTORELEASING = YES;
				CLANG_WARN_BOOL_CONVERSION = YES;
				CLANG_WARN_COMMA = YES;
				CLANG_WARN_CONSTANT_CONVERSION = YES;
				CLANG_WARN_DEPRECATED_OBJC_IMPLEMENTATIONS = YES;
				CLANG_WARN_DIRECT_OBJC_ISA_USAGE = YES_ERROR;
				CLANG_WARN_DOCUMENTATION_COMMENTS = YES;
				CLANG_WARN_EMPTY_BODY = YES;
				CLANG_WARN_ENUM_CONVERSION = YES;
				CLANG_WARN_INFINITE_RECURSION = YES;
				CLANG_WARN_INT_CONVERSION = YES;
				CLANG_WARN_NON_LITERAL_NULL_CONVERSION = YES;
				CLANG_WARN_OBJC_IMPLICIT_RETAIN_SELF = YES;
				CLANG_WARN_OBJC_LITERAL_CONVERSION = YES;
				CLANG_WARN_OBJC_ROOT_CLASS = YES_ERROR;
				CLANG_WARN_RANGE_LOOP_ANALYSIS = YES;
				CLANG_WARN_STRICT_PROTOTYPES = YES;
				CLANG_WARN_SUSPICIOUS_MOVE = YES;
				CLANG_WARN_UNGUARDED_AVAILABILITY = YES_AGGRESSIVE;
				CLANG_WARN_UNREACHABLE_CODE = YES;
				CLANG_WARN__DUPLICATE_METHOD_MATCH = YES;
				COPY_PHASE_STRIP = NO;
				DEBUG_INFORMATION_FORMAT = "dwarf-with-dsym";
				ENABLE_NS_ASSERTIONS = NO;
				ENABLE_STRICT_OBJC_MSGSEND = YES;
				GCC_C_LANGUAGE_STANDARD = gnu11;
				GCC_NO_COMMON_BLOCKS = YES;
				GCC_WARN_64_TO_32_BIT_CONVERSION = YES;
				GCC_WARN_ABOUT_RETURN_TYPE = YES_ERROR;
				GCC_WARN_UNDECLARED_SELECTOR = YES;
				GCC_WARN_UNINITIALIZED_AUTOS = YES_AGGRESSIVE;
				GCC_WARN_UNUSED_FUNCTION = YES;
				GCC_WARN_UNUSED_VARIABLE = YES;
				IPHONEOS_DEPLOYMENT_TARGET = 10.3;
				MTL_ENABLE_DEBUG_INFO = NO;
				MTL_FAST_MATH = YES;
				SDKROOT = iphoneos;
				SWIFT_COMPILATION_MODE = wholemodule;
				SWIFT_OPTIMIZATION_LEVEL = "-O";
				VALIDATE_PRODUCT = YES;
			};
			name = Release;
		};
		8FDBB6E624A2FF760015E182 /* Debug */ = {
			isa = XCBuildConfiguration;
			baseConfigurationReference = B24386CD7A9999F686120A4A /* Pods-Transformers.debug.xcconfig */;
			buildSettings = {
				ASSETCATALOG_COMPILER_APPICON_NAME = AppIcon;
				CODE_SIGN_STYLE = Automatic;
				ENABLE_PREVIEWS = YES;
				INFOPLIST_FILE = Transformers/Info.plist;
				LD_RUNPATH_SEARCH_PATHS = (
					"$(inherited)",
					"@executable_path/Frameworks",
				);
				PRODUCT_BUNDLE_IDENTIFIER = tech.bananameter.Transformers;
				PRODUCT_NAME = "$(TARGET_NAME)";
				SWIFT_VERSION = 5.0;
				TARGETED_DEVICE_FAMILY = "1,2";
			};
			name = Debug;
		};
		8FDBB6E724A2FF760015E182 /* Release */ = {
			isa = XCBuildConfiguration;
			baseConfigurationReference = DD24289804E4AB18E81DA796 /* Pods-Transformers.release.xcconfig */;
			buildSettings = {
				ASSETCATALOG_COMPILER_APPICON_NAME = AppIcon;
				CODE_SIGN_STYLE = Automatic;
				ENABLE_PREVIEWS = YES;
				INFOPLIST_FILE = Transformers/Info.plist;
				LD_RUNPATH_SEARCH_PATHS = (
					"$(inherited)",
					"@executable_path/Frameworks",
				);
				PRODUCT_BUNDLE_IDENTIFIER = tech.bananameter.Transformers;
				PRODUCT_NAME = "$(TARGET_NAME)";
				SWIFT_VERSION = 5.0;
				TARGETED_DEVICE_FAMILY = "1,2";
			};
			name = Release;
		};
		8FDBB6E924A2FF760015E182 /* Debug */ = {
			isa = XCBuildConfiguration;
			buildSettings = {
				ALWAYS_EMBED_SWIFT_STANDARD_LIBRARIES = YES;
				BUNDLE_LOADER = "$(TEST_HOST)";
				CODE_SIGN_STYLE = Automatic;
				INFOPLIST_FILE = TransformersTests/Info.plist;
				IPHONEOS_DEPLOYMENT_TARGET = 13.5;
				LD_RUNPATH_SEARCH_PATHS = (
					"$(inherited)",
					"@executable_path/Frameworks",
					"@loader_path/Frameworks",
				);
				PRODUCT_BUNDLE_IDENTIFIER = tech.bananameter.TransformersTests;
				PRODUCT_NAME = "$(TARGET_NAME)";
				SWIFT_VERSION = 5.0;
				TARGETED_DEVICE_FAMILY = "1,2";
				TEST_HOST = "$(BUILT_PRODUCTS_DIR)/Transformers.app/Transformers";
			};
			name = Debug;
		};
		8FDBB6EA24A2FF760015E182 /* Release */ = {
			isa = XCBuildConfiguration;
			buildSettings = {
				ALWAYS_EMBED_SWIFT_STANDARD_LIBRARIES = YES;
				BUNDLE_LOADER = "$(TEST_HOST)";
				CODE_SIGN_STYLE = Automatic;
				INFOPLIST_FILE = TransformersTests/Info.plist;
				IPHONEOS_DEPLOYMENT_TARGET = 13.5;
				LD_RUNPATH_SEARCH_PATHS = (
					"$(inherited)",
					"@executable_path/Frameworks",
					"@loader_path/Frameworks",
				);
				PRODUCT_BUNDLE_IDENTIFIER = tech.bananameter.TransformersTests;
				PRODUCT_NAME = "$(TARGET_NAME)";
				SWIFT_VERSION = 5.0;
				TARGETED_DEVICE_FAMILY = "1,2";
				TEST_HOST = "$(BUILT_PRODUCTS_DIR)/Transformers.app/Transformers";
			};
			name = Release;
		};
/* End XCBuildConfiguration section */

/* Begin XCConfigurationList section */
		8FDBB6C124A2FF720015E182 /* Build configuration list for PBXProject "Transformers" */ = {
			isa = XCConfigurationList;
			buildConfigurations = (
				8FDBB6E324A2FF760015E182 /* Debug */,
				8FDBB6E424A2FF760015E182 /* Release */,
			);
			defaultConfigurationIsVisible = 0;
			defaultConfigurationName = Release;
		};
		8FDBB6E524A2FF760015E182 /* Build configuration list for PBXNativeTarget "Transformers" */ = {
			isa = XCConfigurationList;
			buildConfigurations = (
				8FDBB6E624A2FF760015E182 /* Debug */,
				8FDBB6E724A2FF760015E182 /* Release */,
			);
			defaultConfigurationIsVisible = 0;
			defaultConfigurationName = Release;
		};
		8FDBB6E824A2FF760015E182 /* Build configuration list for PBXNativeTarget "TransformersTests" */ = {
			isa = XCConfigurationList;
			buildConfigurations = (
				8FDBB6E924A2FF760015E182 /* Debug */,
				8FDBB6EA24A2FF760015E182 /* Release */,
			);
			defaultConfigurationIsVisible = 0;
			defaultConfigurationName = Release;
		};
/* End XCConfigurationList section */
	};
	rootObject = 8FDBB6BE24A2FF720015E182 /* Project object */;
}
